{
  "name": "deleteTweets",
  "version": "1.0.0",
  "lockfileVersion": 3,
  "requires": true,
  "packages": {
    "": {
      "name": "deleteTweets",
      "version": "1.0.0",
      "dependencies": {
        "dotenv": "^16.4.7",
        "twitter-api-v2": "^1.20.2"
      }
    },
    "node_modules/dotenv": {
      "version": "16.4.7",
      "resolved": "https://registry.npmjs.org/dotenv/-/dotenv-16.4.7.tgz",
      "integrity": "sha512-47qPchRCykZC03FhkYAhrvwU4xDBFIj1QPqaarj6mdM/hgUzfPHcpkHJOn3mJAufFeeAxAzeGsr5X0M4k6fLZQ==",
      "license": "BSD-2-Clause",
      "engines": {
        "node": ">=12"
      },
      "funding": {
        "url": "https://dotenvx.com"
      }
    },
    "node_modules/twitter-api-v2": {
      "version": "1.20.2",
      "resolved": "https://registry.npmjs.org/twitter-api-v2/-/twitter-api-v2-1.20.2.tgz",
      "integrity": "sha512-0Q+yJetijJon8rctNuy7kDfHK4/8rZw6ZRO0Ix7K7+tuk2eZN5j0loeBpEsijxO+dEW+YxGhq1V7FhjUJwAQJw==",
      "license": "Apache-2.0"
    }
  }
}
